<?xml version="1.0" encoding="utf-8"?>
<Project ToolsVersion="4.0" xmlns="http://schemas.microsoft.com/developer/msbuild/2003">
  <ItemGroup>
    <ClCompile Include="VL53L0X\VL53L0X.cpp">
      <Filter>VL53L0X</Filter>
    </ClCompile>
    <ClCompile Include="Logger\logger.cpp" />
    <ClCompile Include="iris.cpp" />
    <ClCompile Include="SensorManager.cpp" />
    <ClCompile Include="TCA9548A\TCAMux.cpp" />
    <ClCompile Include="VL53L0X\vl53l0x_setup.cpp" />
    <ClCompile Include="VL53L0X\vl53l0x_platform_log.c" />
    <ClCompile Include="VL53L0X\vl53l0x_platform.c" />
    <ClCompile Include="VL53L0X\vl53l0x_i2c_win_serial_comms.c" />
    <ClCompile Include="VL53L0X\vl53l0x_api_strings.c" />
    <ClCompile Include="VL53L0X\vl53l0x_api_ranging.c" />
    <ClCompile Include="VL53L0X\vl53l0x_api_core.c" />
    <ClCompile Include="VL53L0X\vl53l0x_api_calibration.c" />
    <ClCompile Include="VL53L0X\vl53l0x_api.c" />
  </ItemGroup>
  <ItemGroup>
    <Filter Include="VL53L0X">
      <UniqueIdentifier>{28b7a01a-64e6-4b4c-a720-cb9b27cc3ff6}</UniqueIdentifier>
    </Filter>
    <Filter Include="Logger">
      <UniqueIdentifier>{07a2b098-4654-4ba2-ae00-c09fbeff732e}</UniqueIdentifier>
    </Filter>
  </ItemGroup>
  <ItemGroup>
    <ClInclude Include="VL53L0X\VL53L0X.hpp">
      <Filter>VL53L0X</Filter>
    </ClInclude>
    <ClInclude Include="Logger\logger.hpp">
      <Filter>Logger</Filter>
    </ClInclude>
    <ClInclude Include="Logger\message.hpp">
      <Filter>Logger</Filter>
    </ClInclude>
    <ClInclude Include="SensorManager.hpp" />
    <ClInclude Include="TCA9548A\TCAMux.h" />
    <ClInclude Include="VL53L0X\vl53l0x_api.h" />
    <ClInclude Include="VL53L0X\vl53l0x_api_calibration.h" />
    <ClInclude Include="VL53L0X\vl53l0x_api_core.h" />
    <ClInclude Include="VL53L0X\vl53l0x_api_ranging.h" />
    <ClInclude Include="VL53L0X\vl53l0x_api_strings.h" />
    <ClInclude Include="VL53L0X\vl53l0x_def.h" />
    <ClInclude Include="VL53L0X\vl53l0x_device.h" />
    <ClInclude Include="VL53L0X\vl53l0x_i2c_platform.h" />
    <ClInclude Include="VL53L0X\vl53l0x_interrupt_threshold_settings.h" />
    <ClInclude Include="VL53L0X\vl53l0x_platform.h" />
    <ClInclude Include="VL53L0X\vl53l0x_platform_log.h" />
    <ClInclude Include="VL53L0X\vl53l0x_tuning.h" />
    <ClInclude Include="VL53L0X\vl53l0x_types.h" />
    <ClInclude Include="VL53L0X\vl53l0x_setup.h" />
  </ItemGroup>
  <ItemGroup>
    <None Include="Makefile" />
    <None Include="VL53L0X\prototype.zip" />
  </ItemGroup>
</Project>